
Microsoft Visual Studio Solution File, Format Version 12.00
# Visual Studio Version 17
VisualStudioVersion = 17.3.32929.385
MinimumVisualStudioVersion = 10.0.40219.1
Project("{FAE04EC0-301F-11D3-BF4B-00C04F79EFBC}") = "Task_1_1_Forms", "Task_1_1_Forms\Task_1_1_Forms.csproj", "{076E731E-DCC1-4622-B609-98F3F67EC95B}"
EndProject
Global
	GlobalSection(SolutionConfigurationPlatforms) = preSolution
		Debug|Any CPU = Debug|Any CPU
		Release|Any CPU = Release|Any CPU
	EndGlobalSection
	GlobalSection(ProjectConfigurationPlatforms) = postSolution
		{076E731E-DCC1-4622-B609-98F3F67EC95B}.Debug|Any CPU.ActiveCfg = Debug|Any CPU
		{076E731E-DCC1-4622-B609-98F3F67EC95B}.Debug|Any CPU.Build.0 = Debug|Any CPU
		{076E731E-DCC1-4622-B609-98F3F67EC95B}.Release|Any CPU.ActiveCfg = Release|Any CPU
		{076E731E-DCC1-4622-B609-98F3F67EC95B}.Release|Any CPU.Build.0 = Release|Any CPU
	EndGlobalSection
	GlobalSection(SolutionProperties) = preSolution
		HideSolutionNode = FALSE
	EndGlobalSection
	GlobalSection(ExtensibilityGlobals) = postSolution
		SolutionGuid = {C3FD888A-C0F9-4E47-A9D4-5228DA2D6842}
	EndGlobalSection
EndGlobal
